
Microsoft Visual Studio Solution File, Format Version 12.00
# Visual Studio Version 17
VisualStudioVersion = 17.2.32516.85
MinimumVisualStudioVersion = 10.0.40219.1
Project("{FAE04EC0-301F-11D3-BF4B-00C04F79EFBC}") = "Relex.Interview.Api", "Relex.Interview.Api\Relex.Interview.Api.csproj", "{AC627524-099B-48CD-8903-840E6441B369}"
EndProject
Project("{FAE04EC0-301F-11D3-BF4B-00C04F79EFBC}") = "Relex.Interview.Data", "Relex.Interview.Data\Relex.Interview.Data.csproj", "{ACA64D10-9651-4CC0-BDB4-2DF324BAB6D3}"
EndProject
Project("{FAE04EC0-301F-11D3-BF4B-00C04F79EFBC}") = "Relex.Interview.Entities", "Relex.Interview.Entities\Relex.Interview.Entities.csproj", "{1E24DED5-5B13-4D0B-9731-C5030FCEBA90}"
EndProject
Project("{FAE04EC0-301F-11D3-BF4B-00C04F79EFBC}") = "Relex.Interview.Common", "Relex.Interview.Common\Relex.Interview.Common.csproj", "{6188DCBE-F0BB-40CC-866D-2EC45FE2CBB4}"
EndProject
Global
	GlobalSection(SolutionConfigurationPlatforms) = preSolution
		Debug|Any CPU = Debug|Any CPU
		Release|Any CPU = Release|Any CPU
	EndGlobalSection
	GlobalSection(ProjectConfigurationPlatforms) = postSolution
		{AC627524-099B-48CD-8903-840E6441B369}.Debug|Any CPU.ActiveCfg = Debug|Any CPU
		{AC627524-099B-48CD-8903-840E6441B369}.Debug|Any CPU.Build.0 = Debug|Any CPU
		{AC627524-099B-48CD-8903-840E6441B369}.Release|Any CPU.ActiveCfg = Release|Any CPU
		{AC627524-099B-48CD-8903-840E6441B369}.Release|Any CPU.Build.0 = Release|Any CPU
		{ACA64D10-9651-4CC0-BDB4-2DF324BAB6D3}.Debug|Any CPU.ActiveCfg = Debug|Any CPU
		{ACA64D10-9651-4CC0-BDB4-2DF324BAB6D3}.Debug|Any CPU.Build.0 = Debug|Any CPU
		{ACA64D10-9651-4CC0-BDB4-2DF324BAB6D3}.Release|Any CPU.ActiveCfg = Release|Any CPU
		{ACA64D10-9651-4CC0-BDB4-2DF324BAB6D3}.Release|Any CPU.Build.0 = Release|Any CPU
		{1E24DED5-5B13-4D0B-9731-C5030FCEBA90}.Debug|Any CPU.ActiveCfg = Debug|Any CPU
		{1E24DED5-5B13-4D0B-9731-C5030FCEBA90}.Debug|Any CPU.Build.0 = Debug|Any CPU
		{1E24DED5-5B13-4D0B-9731-C5030FCEBA90}.Release|Any CPU.ActiveCfg = Release|Any CPU
		{1E24DED5-5B13-4D0B-9731-C5030FCEBA90}.Release|Any CPU.Build.0 = Release|Any CPU
		{6188DCBE-F0BB-40CC-866D-2EC45FE2CBB4}.Debug|Any CPU.ActiveCfg = Debug|Any CPU
		{6188DCBE-F0BB-40CC-866D-2EC45FE2CBB4}.Debug|Any CPU.Build.0 = Debug|Any CPU
		{6188DCBE-F0BB-40CC-866D-2EC45FE2CBB4}.Release|Any CPU.ActiveCfg = Release|Any CPU
		{6188DCBE-F0BB-40CC-866D-2EC45FE2CBB4}.Release|Any CPU.Build.0 = Release|Any CPU
	EndGlobalSection
	GlobalSection(SolutionProperties) = preSolution
		HideSolutionNode = FALSE
	EndGlobalSection
	GlobalSection(ExtensibilityGlobals) = postSolution
		SolutionGuid = {ECFDF185-F51B-415D-80A8-9AC0868CFAAE}
	EndGlobalSection
EndGlobal
